
Microsoft Visual Studio Solution File, Format Version 12.00
# Visual Studio 2012
Project("{FAE04EC0-301F-11D3-BF4B-00C04F79EFBC}") = "UnityVS.Fighter Engineer.CSharp", "UnityVS.Fighter Engineer.CSharp.csproj", "{A717FB87-0968-A21E-3ADA-B9CD926688C7}"
EndProject
Project("{FAE04EC0-301F-11D3-BF4B-00C04F79EFBC}") = "UnityVS.Fighter Engineer.CSharp.Editor", "UnityVS.Fighter Engineer.CSharp.Editor.csproj", "{4C14B35B-E664-BA08-C67C-712B26A3D285}"
EndProject
Global
	GlobalSection(SolutionConfigurationPlatforms) = preSolution
		Debug|Any CPU = Debug|Any CPU
		Release|Any CPU = Release|Any CPU
	EndGlobalSection
	GlobalSection(ProjectConfigurationPlatforms) = postSolution
		{A717FB87-0968-A21E-3ADA-B9CD926688C7}.Debug|Any CPU.ActiveCfg = Debug|Any CPU
		{A717FB87-0968-A21E-3ADA-B9CD926688C7}.Debug|Any CPU.Build.0 = Debug|Any CPU
		{A717FB87-0968-A21E-3ADA-B9CD926688C7}.Release|Any CPU.ActiveCfg = Release|Any CPU
		{A717FB87-0968-A21E-3ADA-B9CD926688C7}.Release|Any CPU.Build.0 = Release|Any CPU
		{4C14B35B-E664-BA08-C67C-712B26A3D285}.Debug|Any CPU.ActiveCfg = Debug|Any CPU
		{4C14B35B-E664-BA08-C67C-712B26A3D285}.Debug|Any CPU.Build.0 = Debug|Any CPU
		{4C14B35B-E664-BA08-C67C-712B26A3D285}.Release|Any CPU.ActiveCfg = Release|Any CPU
		{4C14B35B-E664-BA08-C67C-712B26A3D285}.Release|Any CPU.Build.0 = Release|Any CPU
	EndGlobalSection
	GlobalSection(SolutionProperties) = preSolution
		HideSolutionNode = FALSE
	EndGlobalSection
EndGlobal
